
Microsoft Visual Studio Solution File, Format Version 12.00
Project("{2150E333-8FDC-42A3-9474-1A3956D46DE8}") = "src", "src", "{A4B17025-F891-4C04-BFC2-903D3EFC1EBD}"
EndProject
Project("{2150E333-8FDC-42A3-9474-1A3956D46DE8}") = "test", "test", "{61BC6CB6-20FD-4B62-87D0-3FB7A2C695B9}"
EndProject
Project("{FAE04EC0-301F-11D3-BF4B-00C04F79EFBC}") = "GeminiDotnet", "src\GeminiDotnet\GeminiDotnet.csproj", "{431324FB-13B8-4B5D-B079-422390CF0019}"
EndProject
Project("{FAE04EC0-301F-11D3-BF4B-00C04F79EFBC}") = "GeminiDotnet.Tests", "tests\GeminiDotnet.Tests\GeminiDotnet.Tests.csproj", "{67F522F2-D451-45FD-934B-A86525C40EEE}"
EndProject
Project("{FAE04EC0-301F-11D3-BF4B-00C04F79EFBC}") = "GeminiDotnet.Extensions.AI", "src\GeminiDotnet.Extensions.AI\GeminiDotnet.Extensions.AI.csproj", "{56743169-7F01-435C-AB4F-7D884FC624EA}"
EndProject
Project("{FAE04EC0-301F-11D3-BF4B-00C04F79EFBC}") = "GeminiDotnet.Extensions.AI.Tests", "tests\GeminiDotnet.Extensions.AI.Tests\GeminiDotnet.Extensions.AI.Tests.csproj", "{2A22DA4C-8885-4FAB-99A1-BF61843E85D8}"
EndProject
Project("{FAE04EC0-301F-11D3-BF4B-00C04F79EFBC}") = "GeminiDotnet.Testing", "src\GeminiDotnet.Testing\GeminiDotnet.Testing.csproj", "{5C54F60F-F49D-4F9F-834D-BDC585BCED97}"
EndProject
Project("{FAE04EC0-301F-11D3-BF4B-00C04F79EFBC}") = "GeminiDotnet.Extensions.AI.Tests.Integration", "tests\GeminiDotnet.Extensions.AI.Tests.Integration\GeminiDotnet.Extensions.AI.Tests.Integration.csproj", "{9241150D-5793-4787-B370-CA483C45E8FC}"
EndProject
Project("{FAE04EC0-301F-11D3-BF4B-00C04F79EFBC}") = "GeminiDotnet.Extensions.AI.Examples", "tests\GeminiDotnet.Extensions.AI.Examples\GeminiDotnet.Extensions.AI.Examples.csproj", "{0192581B-7B7A-4B75-9B77-DFCE0B7947AA}"
EndProject
Project("{FAE04EC0-301F-11D3-BF4B-00C04F79EFBC}") = "GeminiDotnet.Integration.SemanticKernel.Tests", "tests\GeminiDotnet.Integration.SemanticKernel.Tests\GeminiDotnet.Integration.SemanticKernel.Tests.csproj", "{159313F9-D2A5-4D76-8C9C-FE9BC2EA2B8D}"
EndProject
Global
	GlobalSection(SolutionConfigurationPlatforms) = preSolution
		Debug|Any CPU = Debug|Any CPU
		Debug|x64 = Debug|x64
		Debug|x86 = Debug|x86
		Release|Any CPU = Release|Any CPU
		Release|x64 = Release|x64
		Release|x86 = Release|x86
	EndGlobalSection
	GlobalSection(ProjectConfigurationPlatforms) = postSolution
		{431324FB-13B8-4B5D-B079-422390CF0019}.Debug|Any CPU.ActiveCfg = Debug|Any CPU
		{431324FB-13B8-4B5D-B079-422390CF0019}.Debug|Any CPU.Build.0 = Debug|Any CPU
		{431324FB-13B8-4B5D-B079-422390CF0019}.Debug|x64.ActiveCfg = Debug|Any CPU
		{431324FB-13B8-4B5D-B079-422390CF0019}.Debug|x64.Build.0 = Debug|Any CPU
		{431324FB-13B8-4B5D-B079-422390CF0019}.Debug|x86.ActiveCfg = Debug|Any CPU
		{431324FB-13B8-4B5D-B079-422390CF0019}.Debug|x86.Build.0 = Debug|Any CPU
		{431324FB-13B8-4B5D-B079-422390CF0019}.Release|Any CPU.ActiveCfg = Release|Any CPU
		{431324FB-13B8-4B5D-B079-422390CF0019}.Release|Any CPU.Build.0 = Release|Any CPU
		{431324FB-13B8-4B5D-B079-422390CF0019}.Release|x64.ActiveCfg = Release|Any CPU
		{431324FB-13B8-4B5D-B079-422390CF0019}.Release|x64.Build.0 = Release|Any CPU
		{431324FB-13B8-4B5D-B079-422390CF0019}.Release|x86.ActiveCfg = Release|Any CPU
		{431324FB-13B8-4B5D-B079-422390CF0019}.Release|x86.Build.0 = Release|Any CPU
		{67F522F2-D451-45FD-934B-A86525C40EEE}.Debug|Any CPU.ActiveCfg = Debug|Any CPU
		{67F522F2-D451-45FD-934B-A86525C40EEE}.Debug|Any CPU.Build.0 = Debug|Any CPU
		{67F522F2-D451-45FD-934B-A86525C40EEE}.Debug|x64.ActiveCfg = Debug|Any CPU
		{67F522F2-D451-45FD-934B-A86525C40EEE}.Debug|x64.Build.0 = Debug|Any CPU
		{67F522F2-D451-45FD-934B-A86525C40EEE}.Debug|x86.ActiveCfg = Debug|Any CPU
		{67F522F2-D451-45FD-934B-A86525C40EEE}.Debug|x86.Build.0 = Debug|Any CPU
		{67F522F2-D451-45FD-934B-A86525C40EEE}.Release|Any CPU.ActiveCfg = Release|Any CPU
		{67F522F2-D451-45FD-934B-A86525C40EEE}.Release|Any CPU.Build.0 = Release|Any CPU
		{67F522F2-D451-45FD-934B-A86525C40EEE}.Release|x64.ActiveCfg = Release|Any CPU
		{67F522F2-D451-45FD-934B-A86525C40EEE}.Release|x64.Build.0 = Release|Any CPU
		{67F522F2-D451-45FD-934B-A86525C40EEE}.Release|x86.ActiveCfg = Release|Any CPU
		{67F522F2-D451-45FD-934B-A86525C40EEE}.Release|x86.Build.0 = Release|Any CPU
		{56743169-7F01-435C-AB4F-7D884FC624EA}.Debug|Any CPU.ActiveCfg = Debug|Any CPU
		{56743169-7F01-435C-AB4F-7D884FC624EA}.Debug|Any CPU.Build.0 = Debug|Any CPU
		{56743169-7F01-435C-AB4F-7D884FC624EA}.Debug|x64.ActiveCfg = Debug|Any CPU
		{56743169-7F01-435C-AB4F-7D884FC624EA}.Debug|x64.Build.0 = Debug|Any CPU
		{56743169-7F01-435C-AB4F-7D884FC624EA}.Debug|x86.ActiveCfg = Debug|Any CPU
		{56743169-7F01-435C-AB4F-7D884FC624EA}.Debug|x86.Build.0 = Debug|Any CPU
		{56743169-7F01-435C-AB4F-7D884FC624EA}.Release|Any CPU.ActiveCfg = Release|Any CPU
		{56743169-7F01-435C-AB4F-7D884FC624EA}.Release|Any CPU.Build.0 = Release|Any CPU
		{56743169-7F01-435C-AB4F-7D884FC624EA}.Release|x64.ActiveCfg = Release|Any CPU
		{56743169-7F01-435C-AB4F-7D884FC624EA}.Release|x64.Build.0 = Release|Any CPU
		{56743169-7F01-435C-AB4F-7D884FC624EA}.Release|x86.ActiveCfg = Release|Any CPU
		{56743169-7F01-435C-AB4F-7D884FC624EA}.Release|x86.Build.0 = Release|Any CPU
		{2A22DA4C-8885-4FAB-99A1-BF61843E85D8}.Debug|Any CPU.ActiveCfg = Debug|Any CPU
		{2A22DA4C-8885-4FAB-99A1-BF61843E85D8}.Debug|Any CPU.Build.0 = Debug|Any CPU
		{2A22DA4C-8885-4FAB-99A1-BF61843E85D8}.Debug|x64.ActiveCfg = Debug|Any CPU
		{2A22DA4C-8885-4FAB-99A1-BF61843E85D8}.Debug|x64.Build.0 = Debug|Any CPU
		{2A22DA4C-8885-4FAB-99A1-BF61843E85D8}.Debug|x86.ActiveCfg = Debug|Any CPU
		{2A22DA4C-8885-4FAB-99A1-BF61843E85D8}.Debug|x86.Build.0 = Debug|Any CPU
		{2A22DA4C-8885-4FAB-99A1-BF61843E85D8}.Release|Any CPU.ActiveCfg = Release|Any CPU
		{2A22DA4C-8885-4FAB-99A1-BF61843E85D8}.Release|Any CPU.Build.0 = Release|Any CPU
		{2A22DA4C-8885-4FAB-99A1-BF61843E85D8}.Release|x64.ActiveCfg = Release|Any CPU
		{2A22DA4C-8885-4FAB-99A1-BF61843E85D8}.Release|x64.Build.0 = Release|Any CPU
		{2A22DA4C-8885-4FAB-99A1-BF61843E85D8}.Release|x86.ActiveCfg = Release|Any CPU
		{2A22DA4C-8885-4FAB-99A1-BF61843E85D8}.Release|x86.Build.0 = Release|Any CPU
		{5C54F60F-F49D-4F9F-834D-BDC585BCED97}.Debug|Any CPU.ActiveCfg = Debug|Any CPU
		{5C54F60F-F49D-4F9F-834D-BDC585BCED97}.Debug|Any CPU.Build.0 = Debug|Any CPU
		{5C54F60F-F49D-4F9F-834D-BDC585BCED97}.Debug|x64.ActiveCfg = Debug|Any CPU
		{5C54F60F-F49D-4F9F-834D-BDC585BCED97}.Debug|x64.Build.0 = Debug|Any CPU
		{5C54F60F-F49D-4F9F-834D-BDC585BCED97}.Debug|x86.ActiveCfg = Debug|Any CPU
		{5C54F60F-F49D-4F9F-834D-BDC585BCED97}.Debug|x86.Build.0 = Debug|Any CPU
		{5C54F60F-F49D-4F9F-834D-BDC585BCED97}.Release|Any CPU.ActiveCfg = Release|Any CPU
		{5C54F60F-F49D-4F9F-834D-BDC585BCED97}.Release|Any CPU.Build.0 = Release|Any CPU
		{5C54F60F-F49D-4F9F-834D-BDC585BCED97}.Release|x64.ActiveCfg = Release|Any CPU
		{5C54F60F-F49D-4F9F-834D-BDC585BCED97}.Release|x64.Build.0 = Release|Any CPU
		{5C54F60F-F49D-4F9F-834D-BDC585BCED97}.Release|x86.ActiveCfg = Release|Any CPU
		{5C54F60F-F49D-4F9F-834D-BDC585BCED97}.Release|x86.Build.0 = Release|Any CPU
		{9241150D-5793-4787-B370-CA483C45E8FC}.Debug|Any CPU.ActiveCfg = Debug|Any CPU
		{9241150D-5793-4787-B370-CA483C45E8FC}.Debug|Any CPU.Build.0 = Debug|Any CPU
		{9241150D-5793-4787-B370-CA483C45E8FC}.Debug|x64.ActiveCfg = Debug|Any CPU
		{9241150D-5793-4787-B370-CA483C45E8FC}.Debug|x64.Build.0 = Debug|Any CPU
		{9241150D-5793-4787-B370-CA483C45E8FC}.Debug|x86.ActiveCfg = Debug|Any CPU
		{9241150D-5793-4787-B370-CA483C45E8FC}.Debug|x86.Build.0 = Debug|Any CPU
		{9241150D-5793-4787-B370-CA483C45E8FC}.Release|Any CPU.ActiveCfg = Release|Any CPU
		{9241150D-5793-4787-B370-CA483C45E8FC}.Release|Any CPU.Build.0 = Release|Any CPU
		{9241150D-5793-4787-B370-CA483C45E8FC}.Release|x64.ActiveCfg = Release|Any CPU
		{9241150D-5793-4787-B370-CA483C45E8FC}.Release|x64.Build.0 = Release|Any CPU
		{9241150D-5793-4787-B370-CA483C45E8FC}.Release|x86.ActiveCfg = Release|Any CPU
		{9241150D-5793-4787-B370-CA483C45E8FC}.Release|x86.Build.0 = Release|Any CPU
		{0192581B-7B7A-4B75-9B77-DFCE0B7947AA}.Debug|Any CPU.ActiveCfg = Debug|Any CPU
		{0192581B-7B7A-4B75-9B77-DFCE0B7947AA}.Debug|Any CPU.Build.0 = Debug|Any CPU
		{0192581B-7B7A-4B75-9B77-DFCE0B7947AA}.Debug|x64.ActiveCfg = Debug|Any CPU
		{0192581B-7B7A-4B75-9B77-DFCE0B7947AA}.Debug|x64.Build.0 = Debug|Any CPU
		{0192581B-7B7A-4B75-9B77-DFCE0B7947AA}.Debug|x86.ActiveCfg = Debug|Any CPU
		{0192581B-7B7A-4B75-9B77-DFCE0B7947AA}.Debug|x86.Build.0 = Debug|Any CPU
		{0192581B-7B7A-4B75-9B77-DFCE0B7947AA}.Release|Any CPU.ActiveCfg = Release|Any CPU
		{0192581B-7B7A-4B75-9B77-DFCE0B7947AA}.Release|Any CPU.Build.0 = Release|Any CPU
		{0192581B-7B7A-4B75-9B77-DFCE0B7947AA}.Release|x64.ActiveCfg = Release|Any CPU
		{0192581B-7B7A-4B75-9B77-DFCE0B7947AA}.Release|x64.Build.0 = Release|Any CPU
		{0192581B-7B7A-4B75-9B77-DFCE0B7947AA}.Release|x86.ActiveCfg = Release|Any CPU
		{0192581B-7B7A-4B75-9B77-DFCE0B7947AA}.Release|x86.Build.0 = Release|Any CPU
		{159313F9-D2A5-4D76-8C9C-FE9BC2EA2B8D}.Debug|Any CPU.ActiveCfg = Debug|Any CPU
		{159313F9-D2A5-4D76-8C9C-FE9BC2EA2B8D}.Debug|Any CPU.Build.0 = Debug|Any CPU
		{159313F9-D2A5-4D76-8C9C-FE9BC2EA2B8D}.Debug|x64.ActiveCfg = Debug|Any CPU
		{159313F9-D2A5-4D76-8C9C-FE9BC2EA2B8D}.Debug|x64.Build.0 = Debug|Any CPU
		{159313F9-D2A5-4D76-8C9C-FE9BC2EA2B8D}.Debug|x86.ActiveCfg = Debug|Any CPU
		{159313F9-D2A5-4D76-8C9C-FE9BC2EA2B8D}.Debug|x86.Build.0 = Debug|Any CPU
		{159313F9-D2A5-4D76-8C9C-FE9BC2EA2B8D}.Release|Any CPU.ActiveCfg = Release|Any CPU
		{159313F9-D2A5-4D76-8C9C-FE9BC2EA2B8D}.Release|Any CPU.Build.0 = Release|Any CPU
		{159313F9-D2A5-4D76-8C9C-FE9BC2EA2B8D}.Release|x64.ActiveCfg = Release|Any CPU
		{159313F9-D2A5-4D76-8C9C-FE9BC2EA2B8D}.Release|x64.Build.0 = Release|Any CPU
		{159313F9-D2A5-4D76-8C9C-FE9BC2EA2B8D}.Release|x86.ActiveCfg = Release|Any CPU
		{159313F9-D2A5-4D76-8C9C-FE9BC2EA2B8D}.Release|x86.Build.0 = Release|Any CPU
	EndGlobalSection
	GlobalSection(SolutionProperties) = preSolution
		HideSolutionNode = FALSE
	EndGlobalSection
	GlobalSection(NestedProjects) = preSolution
		{431324FB-13B8-4B5D-B079-422390CF0019} = {A4B17025-F891-4C04-BFC2-903D3EFC1EBD}
		{67F522F2-D451-45FD-934B-A86525C40EEE} = {61BC6CB6-20FD-4B62-87D0-3FB7A2C695B9}
		{56743169-7F01-435C-AB4F-7D884FC624EA} = {A4B17025-F891-4C04-BFC2-903D3EFC1EBD}
		{2A22DA4C-8885-4FAB-99A1-BF61843E85D8} = {61BC6CB6-20FD-4B62-87D0-3FB7A2C695B9}
		{5C54F60F-F49D-4F9F-834D-BDC585BCED97} = {A4B17025-F891-4C04-BFC2-903D3EFC1EBD}
		{9241150D-5793-4787-B370-CA483C45E8FC} = {61BC6CB6-20FD-4B62-87D0-3FB7A2C695B9}
		{0192581B-7B7A-4B75-9B77-DFCE0B7947AA} = {61BC6CB6-20FD-4B62-87D0-3FB7A2C695B9}
		{159313F9-D2A5-4D76-8C9C-FE9BC2EA2B8D} = {61BC6CB6-20FD-4B62-87D0-3FB7A2C695B9}
	EndGlobalSection
EndGlobal
